
Microsoft Visual Studio Solution File, Format Version 12.00
# Visual Studio Version 17
VisualStudioVersion = 17.6.33815.320
MinimumVisualStudioVersion = 10.0.40219.1
Project("{FAE04EC0-301F-11D3-BF4B-00C04F79EFBC}") = "QRCONNECTX.Android", "QRCONNECTX.Android\QRCONNECTX.Android.csproj", "{9F4D8321-62EE-434F-8149-7DAB8E25C9E5}"
EndProject
Project("{FAE04EC0-301F-11D3-BF4B-00C04F79EFBC}") = "QRCONNECTX.iOS", "QRCONNECTX.iOS\QRCONNECTX.iOS.csproj", "{3A1A9D27-011F-4C5A-BEDD-4C4D46FCFCE2}"
EndProject
Project("{FAE04EC0-301F-11D3-BF4B-00C04F79EFBC}") = "QRCONNECTX", "QRCONNECTX\QRCONNECTX.csproj", "{6C24CCEB-3CEC-424E-97E3-F14977EB0187}"
EndProject
Global
	GlobalSection(SolutionConfigurationPlatforms) = preSolution
		Debug|Any CPU = Debug|Any CPU
		Debug|iPhone = Debug|iPhone
		Debug|iPhoneSimulator = Debug|iPhoneSimulator
		Release|Any CPU = Release|Any CPU
		Release|iPhone = Release|iPhone
		Release|iPhoneSimulator = Release|iPhoneSimulator
	EndGlobalSection
	GlobalSection(ProjectConfigurationPlatforms) = postSolution
		{9F4D8321-62EE-434F-8149-7DAB8E25C9E5}.Debug|Any CPU.ActiveCfg = Debug|Any CPU
		{9F4D8321-62EE-434F-8149-7DAB8E25C9E5}.Debug|Any CPU.Build.0 = Debug|Any CPU
		{9F4D8321-62EE-434F-8149-7DAB8E25C9E5}.Debug|Any CPU.Deploy.0 = Debug|Any CPU
		{9F4D8321-62EE-434F-8149-7DAB8E25C9E5}.Debug|iPhone.ActiveCfg = Debug|Any CPU
		{9F4D8321-62EE-434F-8149-7DAB8E25C9E5}.Debug|iPhone.Build.0 = Debug|Any CPU
		{9F4D8321-62EE-434F-8149-7DAB8E25C9E5}.Debug|iPhone.Deploy.0 = Debug|Any CPU
		{9F4D8321-62EE-434F-8149-7DAB8E25C9E5}.Debug|iPhoneSimulator.ActiveCfg = Debug|Any CPU
		{9F4D8321-62EE-434F-8149-7DAB8E25C9E5}.Debug|iPhoneSimulator.Build.0 = Debug|Any CPU
		{9F4D8321-62EE-434F-8149-7DAB8E25C9E5}.Debug|iPhoneSimulator.Deploy.0 = Debug|Any CPU
		{9F4D8321-62EE-434F-8149-7DAB8E25C9E5}.Release|Any CPU.ActiveCfg = Release|Any CPU
		{9F4D8321-62EE-434F-8149-7DAB8E25C9E5}.Release|Any CPU.Build.0 = Release|Any CPU
		{9F4D8321-62EE-434F-8149-7DAB8E25C9E5}.Release|Any CPU.Deploy.0 = Release|Any CPU
		{9F4D8321-62EE-434F-8149-7DAB8E25C9E5}.Release|iPhone.ActiveCfg = Release|Any CPU
		{9F4D8321-62EE-434F-8149-7DAB8E25C9E5}.Release|iPhone.Build.0 = Release|Any CPU
		{9F4D8321-62EE-434F-8149-7DAB8E25C9E5}.Release|iPhone.Deploy.0 = Release|Any CPU
		{9F4D8321-62EE-434F-8149-7DAB8E25C9E5}.Release|iPhoneSimulator.ActiveCfg = Release|Any CPU
		{9F4D8321-62EE-434F-8149-7DAB8E25C9E5}.Release|iPhoneSimulator.Build.0 = Release|Any CPU
		{9F4D8321-62EE-434F-8149-7DAB8E25C9E5}.Release|iPhoneSimulator.Deploy.0 = Release|Any CPU
		{3A1A9D27-011F-4C5A-BEDD-4C4D46FCFCE2}.Debug|Any CPU.ActiveCfg = Debug|iPhone
		{3A1A9D27-011F-4C5A-BEDD-4C4D46FCFCE2}.Debug|Any CPU.Build.0 = Debug|iPhone
		{3A1A9D27-011F-4C5A-BEDD-4C4D46FCFCE2}.Debug|Any CPU.Deploy.0 = Debug|iPhone
		{3A1A9D27-011F-4C5A-BEDD-4C4D46FCFCE2}.Debug|iPhone.ActiveCfg = Debug|iPhone
		{3A1A9D27-011F-4C5A-BEDD-4C4D46FCFCE2}.Debug|iPhone.Build.0 = Debug|iPhone
		{3A1A9D27-011F-4C5A-BEDD-4C4D46FCFCE2}.Debug|iPhone.Deploy.0 = Debug|iPhone
		{3A1A9D27-011F-4C5A-BEDD-4C4D46FCFCE2}.Debug|iPhoneSimulator.ActiveCfg = Debug|iPhoneSimulator
		{3A1A9D27-011F-4C5A-BEDD-4C4D46FCFCE2}.Debug|iPhoneSimulator.Build.0 = Debug|iPhoneSimulator
		{3A1A9D27-011F-4C5A-BEDD-4C4D46FCFCE2}.Debug|iPhoneSimulator.Deploy.0 = Debug|iPhoneSimulator
		{3A1A9D27-011F-4C5A-BEDD-4C4D46FCFCE2}.Release|Any CPU.ActiveCfg = Release|iPhoneSimulator
		{3A1A9D27-011F-4C5A-BEDD-4C4D46FCFCE2}.Release|Any CPU.Build.0 = Release|iPhoneSimulator
		{3A1A9D27-011F-4C5A-BEDD-4C4D46FCFCE2}.Release|Any CPU.Deploy.0 = Release|iPhoneSimulator
		{3A1A9D27-011F-4C5A-BEDD-4C4D46FCFCE2}.Release|iPhone.ActiveCfg = Release|iPhone
		{3A1A9D27-011F-4C5A-BEDD-4C4D46FCFCE2}.Release|iPhone.Build.0 = Release|iPhone
		{3A1A9D27-011F-4C5A-BEDD-4C4D46FCFCE2}.Release|iPhone.Deploy.0 = Release|iPhone
		{3A1A9D27-011F-4C5A-BEDD-4C4D46FCFCE2}.Release|iPhoneSimulator.ActiveCfg = Release|iPhoneSimulator
		{3A1A9D27-011F-4C5A-BEDD-4C4D46FCFCE2}.Release|iPhoneSimulator.Build.0 = Release|iPhoneSimulator
		{3A1A9D27-011F-4C5A-BEDD-4C4D46FCFCE2}.Release|iPhoneSimulator.Deploy.0 = Release|iPhoneSimulator
		{6C24CCEB-3CEC-424E-97E3-F14977EB0187}.Debug|Any CPU.ActiveCfg = Debug|Any CPU
		{6C24CCEB-3CEC-424E-97E3-F14977EB0187}.Debug|Any CPU.Build.0 = Debug|Any CPU
		{6C24CCEB-3CEC-424E-97E3-F14977EB0187}.Debug|Any CPU.Deploy.0 = Debug|Any CPU
		{6C24CCEB-3CEC-424E-97E3-F14977EB0187}.Debug|iPhone.ActiveCfg = Debug|Any CPU
		{6C24CCEB-3CEC-424E-97E3-F14977EB0187}.Debug|iPhone.Build.0 = Debug|Any CPU
		{6C24CCEB-3CEC-424E-97E3-F14977EB0187}.Debug|iPhone.Deploy.0 = Debug|Any CPU
		{6C24CCEB-3CEC-424E-97E3-F14977EB0187}.Debug|iPhoneSimulator.ActiveCfg = Debug|Any CPU
		{6C24CCEB-3CEC-424E-97E3-F14977EB0187}.Debug|iPhoneSimulator.Build.0 = Debug|Any CPU
		{6C24CCEB-3CEC-424E-97E3-F14977EB0187}.Debug|iPhoneSimulator.Deploy.0 = Debug|Any CPU
		{6C24CCEB-3CEC-424E-97E3-F14977EB0187}.Release|Any CPU.ActiveCfg = Release|Any CPU
		{6C24CCEB-3CEC-424E-97E3-F14977EB0187}.Release|Any CPU.Build.0 = Release|Any CPU
		{6C24CCEB-3CEC-424E-97E3-F14977EB0187}.Release|Any CPU.Deploy.0 = Release|Any CPU
		{6C24CCEB-3CEC-424E-97E3-F14977EB0187}.Release|iPhone.ActiveCfg = Release|Any CPU
		{6C24CCEB-3CEC-424E-97E3-F14977EB0187}.Release|iPhone.Build.0 = Release|Any CPU
		{6C24CCEB-3CEC-424E-97E3-F14977EB0187}.Release|iPhone.Deploy.0 = Release|Any CPU
		{6C24CCEB-3CEC-424E-97E3-F14977EB0187}.Release|iPhoneSimulator.ActiveCfg = Release|Any CPU
		{6C24CCEB-3CEC-424E-97E3-F14977EB0187}.Release|iPhoneSimulator.Build.0 = Release|Any CPU
		{6C24CCEB-3CEC-424E-97E3-F14977EB0187}.Release|iPhoneSimulator.Deploy.0 = Release|Any CPU
	EndGlobalSection
	GlobalSection(SolutionProperties) = preSolution
		HideSolutionNode = FALSE
	EndGlobalSection
	GlobalSection(ExtensibilityGlobals) = postSolution
		SolutionGuid = {F5B61A71-C6E7-4369-A184-BB6B0DB4D5D7}
	EndGlobalSection
EndGlobal
